// !$*UTF8*$!
{
	archiveVersion = 1;
	classes = {
	};
	objectVersion = 50;
	objects = {

/* Begin PBXBuildFile section */
		38284FB626D8715600EE062F /* DetailView.swift in Sources */ = {isa = PBXBuildFile; fileRef = 38284FB526D8715600EE062F /* DetailView.swift */; };
		38284FB826D878D100EE062F /* CoinDetailModel.swift in Sources */ = {isa = PBXBuildFile; fileRef = 38284FB726D878D100EE062F /* CoinDetailModel.swift */; };
		38284FBA26D87B4900EE062F /* DetailViewModel.swift in Sources */ = {isa = PBXBuildFile; fileRef = 38284FB926D87B4900EE062F /* DetailViewModel.swift */; };
		38284FBC26D87B7200EE062F /* CoinDetailDataService.swift in Sources */ = {isa = PBXBuildFile; fileRef = 38284FBB26D87B7200EE062F /* CoinDetailDataService.swift */; };
		3837083826D68C3D0052E124 /* HomeViewModel.swift in Sources */ = {isa = PBXBuildFile; fileRef = 3837083726D68C3D0052E124 /* HomeViewModel.swift */; };
		3837083B26D692010052E124 /* CoinDataService.swift in Sources */ = {isa = PBXBuildFile; fileRef = 3837083A26D692010052E124 /* CoinDataService.swift */; };
		3837083E26D69ECC0052E124 /* NetworkManager.swift in Sources */ = {isa = PBXBuildFile; fileRef = 3837083D26D69ECC0052E124 /* NetworkManager.swift */; };
		3837084126D6AC600052E124 /* CoinImageView.swift in Sources */ = {isa = PBXBuildFile; fileRef = 3837084026D6AC600052E124 /* CoinImageView.swift */; };
		3837084326D6AD660052E124 /* CoinImageService.swift in Sources */ = {isa = PBXBuildFile; fileRef = 3837084226D6AD660052E124 /* CoinImageService.swift */; };
		3837084526D6AE610052E124 /* CoinImageViewModel.swift in Sources */ = {isa = PBXBuildFile; fileRef = 3837084426D6AE610052E124 /* CoinImageViewModel.swift */; };
		3837084726D6B7C10052E124 /* LocalFileManager.swift in Sources */ = {isa = PBXBuildFile; fileRef = 3837084626D6B7C10052E124 /* LocalFileManager.swift */; };
		3837084926D6F4390052E124 /* SearchBarView.swift in Sources */ = {isa = PBXBuildFile; fileRef = 3837084826D6F4390052E124 /* SearchBarView.swift */; };
		3837084B26D6F7170052E124 /* UIApplication+.swift in Sources */ = {isa = PBXBuildFile; fileRef = 3837084A26D6F7170052E124 /* UIApplication+.swift */; };
		3837084D26D6FEC30052E124 /* StatisticModel.swift in Sources */ = {isa = PBXBuildFile; fileRef = 3837084C26D6FEC30052E124 /* StatisticModel.swift */; };
		3837084F26D6FFA90052E124 /* StaticticView.swift in Sources */ = {isa = PBXBuildFile; fileRef = 3837084E26D6FFA90052E124 /* StaticticView.swift */; };
		3837085126D701D10052E124 /* HomeStatsView.swift in Sources */ = {isa = PBXBuildFile; fileRef = 3837085026D701D10052E124 /* HomeStatsView.swift */; };
		3837085326D707050052E124 /* MarketDataModel.swift in Sources */ = {isa = PBXBuildFile; fileRef = 3837085226D707050052E124 /* MarketDataModel.swift */; };
		3837085526D708EB0052E124 /* MarketDataService.swift in Sources */ = {isa = PBXBuildFile; fileRef = 3837085426D708EB0052E124 /* MarketDataService.swift */; };
		3837085726D712FB0052E124 /* PortfolioView.swift in Sources */ = {isa = PBXBuildFile; fileRef = 3837085626D712FB0052E124 /* PortfolioView.swift */; };
		3837085926D7147D0052E124 /* XMarkButton.swift in Sources */ = {isa = PBXBuildFile; fileRef = 3837085826D7147D0052E124 /* XMarkButton.swift */; };
		3837085B26D715D20052E124 /* CoinLogoView.swift in Sources */ = {isa = PBXBuildFile; fileRef = 3837085A26D715D20052E124 /* CoinLogoView.swift */; };
		3837085E26D7284F0052E124 /* PortfolioContainer.xcdatamodeld in Sources */ = {isa = PBXBuildFile; fileRef = 3837085C26D7284F0052E124 /* PortfolioContainer.xcdatamodeld */; };
		3837086026D728C70052E124 /* PortfolioDataService.swift in Sources */ = {isa = PBXBuildFile; fileRef = 3837085F26D728C70052E124 /* PortfolioDataService.swift */; };
		3837086226D73DBF0052E124 /* HapticManager.swift in Sources */ = {isa = PBXBuildFile; fileRef = 3837086126D73DBF0052E124 /* HapticManager.swift */; };
		3837BC0226D5E00700080F0D /* CryptoApp.swift in Sources */ = {isa = PBXBuildFile; fileRef = 3837BC0126D5E00700080F0D /* CryptoApp.swift */; };
		3837BC0626D5E00900080F0D /* Assets.xcassets in Resources */ = {isa = PBXBuildFile; fileRef = 3837BC0526D5E00900080F0D /* Assets.xcassets */; };
		3837BC0926D5E00900080F0D /* Preview Assets.xcassets in Resources */ = {isa = PBXBuildFile; fileRef = 3837BC0826D5E00900080F0D /* Preview Assets.xcassets */; };
		3837BC1226D5E21F00080F0D /* Color+.swift in Sources */ = {isa = PBXBuildFile; fileRef = 3837BC1126D5E21F00080F0D /* Color+.swift */; };
		3837BC1826D5E45000080F0D /* HomeView.swift in Sources */ = {isa = PBXBuildFile; fileRef = 3837BC1726D5E45000080F0D /* HomeView.swift */; };
		3837BC1C26D5E50300080F0D /* CircleButtonView.swift in Sources */ = {isa = PBXBuildFile; fileRef = 3837BC1B26D5E50300080F0D /* CircleButtonView.swift */; };
		3837BC1E26D5E6F800080F0D /* CircleButtonAnimationView.swift in Sources */ = {isa = PBXBuildFile; fileRef = 3837BC1D26D5E6F800080F0D /* CircleButtonAnimationView.swift */; };
		3837BC2126D5E8F900080F0D /* CoinModel.swift in Sources */ = {isa = PBXBuildFile; fileRef = 3837BC2026D5E8F900080F0D /* CoinModel.swift */; };
		3837BC2326D5F07900080F0D /* CoinRowView.swift in Sources */ = {isa = PBXBuildFile; fileRef = 3837BC2226D5F07900080F0D /* CoinRowView.swift */; };
		3837BC2526D5F0CC00080F0D /* PreviewProvider+.swift in Sources */ = {isa = PBXBuildFile; fileRef = 3837BC2426D5F0CC00080F0D /* PreviewProvider+.swift */; };
		3837BC2726D5F2E600080F0D /* Double+.swift in Sources */ = {isa = PBXBuildFile; fileRef = 3837BC2626D5F2E600080F0D /* Double+.swift */; };
		38C2072526D9DFB800FA001E /* ChartView.swift in Sources */ = {isa = PBXBuildFile; fileRef = 38C2072426D9DFB800FA001E /* ChartView.swift */; };
		38C2072726D9E5C600FA001E /* Date+.swift in Sources */ = {isa = PBXBuildFile; fileRef = 38C2072626D9E5C600FA001E /* Date+.swift */; };
		38C2072926D9ECDB00FA001E /* String+.swift in Sources */ = {isa = PBXBuildFile; fileRef = 38C2072826D9ECDB00FA001E /* String+.swift */; };
		38E648E326DA8D1100C3C0A4 /* SettingsView.swift in Sources */ = {isa = PBXBuildFile; fileRef = 38E648E226DA8D1100C3C0A4 /* SettingsView.swift */; };
		38E648E726DA95C700C3C0A4 /* LaunchScreen.storyboard in Resources */ = {isa = PBXBuildFile; fileRef = 38E648E626DA95C700C3C0A4 /* LaunchScreen.storyboard */; };
		38E648E926DA97FE00C3C0A4 /* LaunchView.swift in Sources */ = {isa = PBXBuildFile; fileRef = 38E648E826DA97FE00C3C0A4 /* LaunchView.swift */; };
/* End PBXBuildFile section */

/* Begin PBXFileReference section */
		38284FB526D8715600EE062F /* DetailView.swift */ = {isa = PBXFileReference; lastKnownFileType = sourcecode.swift; path = DetailView.swift; sourceTree = "<group>"; };
		38284FB726D878D100EE062F /* CoinDetailModel.swift */ = {isa = PBXFileReference; lastKnownFileType = sourcecode.swift; path = CoinDetailModel.swift; sourceTree = "<group>"; };
		38284FB926D87B4900EE062F /* DetailViewModel.swift */ = {isa = PBXFileReference; lastKnownFileType = sourcecode.swift; path = DetailViewModel.swift; sourceTree = "<group>"; };
		38284FBB26D87B7200EE062F /* CoinDetailDataService.swift */ = {isa = PBXFileReference; lastKnownFileType = sourcecode.swift; path = CoinDetailDataService.swift; sourceTree = "<group>"; };
		3837083726D68C3D0052E124 /* HomeViewModel.swift */ = {isa = PBXFileReference; lastKnownFileType = sourcecode.swift; path = HomeViewModel.swift; sourceTree = "<group>"; };
		3837083A26D692010052E124 /* CoinDataService.swift */ = {isa = PBXFileReference; lastKnownFileType = sourcecode.swift; path = CoinDataService.swift; sourceTree = "<group>"; };
		3837083D26D69ECC0052E124 /* NetworkManager.swift */ = {isa = PBXFileReference; lastKnownFileType = sourcecode.swift; path = NetworkManager.swift; sourceTree = "<group>"; };
		3837084026D6AC600052E124 /* CoinImageView.swift */ = {isa = PBXFileReference; lastKnownFileType = sourcecode.swift; path = CoinImageView.swift; sourceTree = "<group>"; };
		3837084226D6AD660052E124 /* CoinImageService.swift */ = {isa = PBXFileReference; lastKnownFileType = sourcecode.swift; path = CoinImageService.swift; sourceTree = "<group>"; };
		3837084426D6AE610052E124 /* CoinImageViewModel.swift */ = {isa = PBXFileReference; lastKnownFileType = sourcecode.swift; path = CoinImageViewModel.swift; sourceTree = "<group>"; };
		3837084626D6B7C10052E124 /* LocalFileManager.swift */ = {isa = PBXFileReference; lastKnownFileType = sourcecode.swift; path = LocalFileManager.swift; sourceTree = "<group>"; };
		3837084826D6F4390052E124 /* SearchBarView.swift */ = {isa = PBXFileReference; lastKnownFileType = sourcecode.swift; path = SearchBarView.swift; sourceTree = "<group>"; };
		3837084A26D6F7170052E124 /* UIApplication+.swift */ = {isa = PBXFileReference; lastKnownFileType = sourcecode.swift; path = "UIApplication+.swift"; sourceTree = "<group>"; };
		3837084C26D6FEC30052E124 /* StatisticModel.swift */ = {isa = PBXFileReference; lastKnownFileType = sourcecode.swift; path = StatisticModel.swift; sourceTree = "<group>"; };
		3837084E26D6FFA90052E124 /* StaticticView.swift */ = {isa = PBXFileReference; lastKnownFileType = sourcecode.swift; path = StaticticView.swift; sourceTree = "<group>"; };
		3837085026D701D10052E124 /* HomeStatsView.swift */ = {isa = PBXFileReference; lastKnownFileType = sourcecode.swift; path = HomeStatsView.swift; sourceTree = "<group>"; };
		3837085226D707050052E124 /* MarketDataModel.swift */ = {isa = PBXFileReference; lastKnownFileType = sourcecode.swift; path = MarketDataModel.swift; sourceTree = "<group>"; };
		3837085426D708EB0052E124 /* MarketDataService.swift */ = {isa = PBXFileReference; lastKnownFileType = sourcecode.swift; path = MarketDataService.swift; sourceTree = "<group>"; };
		3837085626D712FB0052E124 /* PortfolioView.swift */ = {isa = PBXFileReference; lastKnownFileType = sourcecode.swift; path = PortfolioView.swift; sourceTree = "<group>"; };
		3837085826D7147D0052E124 /* XMarkButton.swift */ = {isa = PBXFileReference; lastKnownFileType = sourcecode.swift; path = XMarkButton.swift; sourceTree = "<group>"; };
		3837085A26D715D20052E124 /* CoinLogoView.swift */ = {isa = PBXFileReference; lastKnownFileType = sourcecode.swift; path = CoinLogoView.swift; sourceTree = "<group>"; };
		3837085D26D7284F0052E124 /* PortfolioContainer.xcdatamodel */ = {isa = PBXFileReference; lastKnownFileType = wrapper.xcdatamodel; path = PortfolioContainer.xcdatamodel; sourceTree = "<group>"; };
		3837085F26D728C70052E124 /* PortfolioDataService.swift */ = {isa = PBXFileReference; lastKnownFileType = sourcecode.swift; path = PortfolioDataService.swift; sourceTree = "<group>"; };
		3837086126D73DBF0052E124 /* HapticManager.swift */ = {isa = PBXFileReference; lastKnownFileType = sourcecode.swift; path = HapticManager.swift; sourceTree = "<group>"; };
		3837BBFE26D5E00700080F0D /* Crypto.app */ = {isa = PBXFileReference; explicitFileType = wrapper.application; includeInIndex = 0; path = Crypto.app; sourceTree = BUILT_PRODUCTS_DIR; };
		3837BC0126D5E00700080F0D /* CryptoApp.swift */ = {isa = PBXFileReference; lastKnownFileType = sourcecode.swift; path = CryptoApp.swift; sourceTree = "<group>"; };
		3837BC0526D5E00900080F0D /* Assets.xcassets */ = {isa = PBXFileReference; lastKnownFileType = folder.assetcatalog; path = Assets.xcassets; sourceTree = "<group>"; };
		3837BC0826D5E00900080F0D /* Preview Assets.xcassets */ = {isa = PBXFileReference; lastKnownFileType = folder.assetcatalog; path = "Preview Assets.xcassets"; sourceTree = "<group>"; };
		3837BC0A26D5E00900080F0D /* Info.plist */ = {isa = PBXFileReference; lastKnownFileType = text.plist.xml; path = Info.plist; sourceTree = "<group>"; };
		3837BC1126D5E21F00080F0D /* Color+.swift */ = {isa = PBXFileReference; lastKnownFileType = sourcecode.swift; path = "Color+.swift"; sourceTree = "<group>"; };
		3837BC1726D5E45000080F0D /* HomeView.swift */ = {isa = PBXFileReference; lastKnownFileType = sourcecode.swift; path = HomeView.swift; sourceTree = "<group>"; };
		3837BC1B26D5E50300080F0D /* CircleButtonView.swift */ = {isa = PBXFileReference; lastKnownFileType = sourcecode.swift; path = CircleButtonView.swift; sourceTree = "<group>"; };
		3837BC1D26D5E6F800080F0D /* CircleButtonAnimationView.swift */ = {isa = PBXFileReference; lastKnownFileType = sourcecode.swift; path = CircleButtonAnimationView.swift; sourceTree = "<group>"; };
		3837BC2026D5E8F900080F0D /* CoinModel.swift */ = {isa = PBXFileReference; lastKnownFileType = sourcecode.swift; path = CoinModel.swift; sourceTree = "<group>"; };
		3837BC2226D5F07900080F0D /* CoinRowView.swift */ = {isa = PBXFileReference; lastKnownFileType = sourcecode.swift; path = CoinRowView.swift; sourceTree = "<group>"; };
		3837BC2426D5F0CC00080F0D /* PreviewProvider+.swift */ = {isa = PBXFileReference; lastKnownFileType = sourcecode.swift; path = "PreviewProvider+.swift"; sourceTree = "<group>"; };
		3837BC2626D5F2E600080F0D /* Double+.swift */ = {isa = PBXFileReference; lastKnownFileType = sourcecode.swift; path = "Double+.swift"; sourceTree = "<group>"; };
		38C2072426D9DFB800FA001E /* ChartView.swift */ = {isa = PBXFileReference; lastKnownFileType = sourcecode.swift; path = ChartView.swift; sourceTree = "<group>"; };
		38C2072626D9E5C600FA001E /* Date+.swift */ = {isa = PBXFileReference; lastKnownFileType = sourcecode.swift; path = "Date+.swift"; sourceTree = "<group>"; };
		38C2072826D9ECDB00FA001E /* String+.swift */ = {isa = PBXFileReference; lastKnownFileType = sourcecode.swift; path = "String+.swift"; sourceTree = "<group>"; };
		38E648E226DA8D1100C3C0A4 /* SettingsView.swift */ = {isa = PBXFileReference; lastKnownFileType = sourcecode.swift; path = SettingsView.swift; sourceTree = "<group>"; };
		38E648E626DA95C700C3C0A4 /* LaunchScreen.storyboard */ = {isa = PBXFileReference; lastKnownFileType = file.storyboard; path = LaunchScreen.storyboard; sourceTree = "<group>"; };
		38E648E826DA97FE00C3C0A4 /* LaunchView.swift */ = {isa = PBXFileReference; lastKnownFileType = sourcecode.swift; path = LaunchView.swift; sourceTree = "<group>"; };
/* End PBXFileReference section */

/* Begin PBXFrameworksBuildPhase section */
		3837BBFB26D5E00700080F0D /* Frameworks */ = {
			isa = PBXFrameworksBuildPhase;
			buildActionMask = 2147483647;
			files = (
			);
			runOnlyForDeploymentPostprocessing = 0;
		};
/* End PBXFrameworksBuildPhase section */

/* Begin PBXGroup section */
		38284FB226D8712F00EE062F /* Detail */ = {
			isa = PBXGroup;
			children = (
				38284FB426D8714800EE062F /* ViewModel */,
				38284FB326D8714300EE062F /* View */,
			);
			path = Detail;
			sourceTree = "<group>";
		};
		38284FB326D8714300EE062F /* View */ = {
			isa = PBXGroup;
			children = (
				38284FB526D8715600EE062F /* DetailView.swift */,
				38C2072426D9DFB800FA001E /* ChartView.swift */,
			);
			path = View;
			sourceTree = "<group>";
		};
		38284FB426D8714800EE062F /* ViewModel */ = {
			isa = PBXGroup;
			children = (
				38284FB926D87B4900EE062F /* DetailViewModel.swift */,
			);
			path = ViewModel;
			sourceTree = "<group>";
		};
		3837083926D691DE0052E124 /* Services */ = {
			isa = PBXGroup;
			children = (
				3837083A26D692010052E124 /* CoinDataService.swift */,
				3837084226D6AD660052E124 /* CoinImageService.swift */,
				3837085426D708EB0052E124 /* MarketDataService.swift */,
				3837085F26D728C70052E124 /* PortfolioDataService.swift */,
				38284FBB26D87B7200EE062F /* CoinDetailDataService.swift */,
			);
			path = Services;
			sourceTree = "<group>";
		};
		3837083C26D69E990052E124 /* Utilities */ = {
			isa = PBXGroup;
			children = (
				3837083D26D69ECC0052E124 /* NetworkManager.swift */,
				3837084626D6B7C10052E124 /* LocalFileManager.swift */,
				3837086126D73DBF0052E124 /* HapticManager.swift */,
			);
			path = Utilities;
			sourceTree = "<group>";
		};
		3837083F26D6AC4D0052E124 /* CoinImage */ = {
			isa = PBXGroup;
			children = (
				3837084026D6AC600052E124 /* CoinImageView.swift */,
				3837084426D6AE610052E124 /* CoinImageViewModel.swift */,
			);
			path = CoinImage;
			sourceTree = "<group>";
		};
		3837BBF526D5E00700080F0D = {
			isa = PBXGroup;
			children = (
				3837BC0026D5E00700080F0D /* Crypto */,
				3837BBFF26D5E00700080F0D /* Products */,
			);
			sourceTree = "<group>";
		};
		3837BBFF26D5E00700080F0D /* Products */ = {
			isa = PBXGroup;
			children = (
				3837BBFE26D5E00700080F0D /* Crypto.app */,
			);
			name = Products;
			sourceTree = "<group>";
		};
		3837BC0026D5E00700080F0D /* Crypto */ = {
			isa = PBXGroup;
			children = (
				3837BC0126D5E00700080F0D /* CryptoApp.swift */,
				3837083C26D69E990052E124 /* Utilities */,
				3837BC1026D5E20800080F0D /* Extensions */,
				3837083926D691DE0052E124 /* Services */,
				3837BC1F26D5E8E100080F0D /* Models */,
				3837BC1326D5E41B00080F0D /* Core */,
				3837BC0526D5E00900080F0D /* Assets.xcassets */,
				3837BC0A26D5E00900080F0D /* Info.plist */,
				3837BC0726D5E00900080F0D /* Preview Content */,
			);
			path = Crypto;
			sourceTree = "<group>";
		};
		3837BC0726D5E00900080F0D /* Preview Content */ = {
			isa = PBXGroup;
			children = (
				3837BC0826D5E00900080F0D /* Preview Assets.xcassets */,
			);
			path = "Preview Content";
			sourceTree = "<group>";
		};
		3837BC1026D5E20800080F0D /* Extensions */ = {
			isa = PBXGroup;
			children = (
				3837BC2426D5F0CC00080F0D /* PreviewProvider+.swift */,
				3837BC1126D5E21F00080F0D /* Color+.swift */,
				3837BC2626D5F2E600080F0D /* Double+.swift */,
				3837084A26D6F7170052E124 /* UIApplication+.swift */,
				38C2072626D9E5C600FA001E /* Date+.swift */,
				38C2072826D9ECDB00FA001E /* String+.swift */,
			);
			path = Extensions;
			sourceTree = "<group>";
		};
		3837BC1326D5E41B00080F0D /* Core */ = {
			isa = PBXGroup;
			children = (
				3837BC1926D5E4E300080F0D /* Components */,
				38E648E426DA959F00C3C0A4 /* Launch */,
				3837BC1426D5E42C00080F0D /* Home */,
				38284FB226D8712F00EE062F /* Detail */,
				38E648E026DA8CDA00C3C0A4 /* Settings */,
			);
			path = Core;
			sourceTree = "<group>";
		};
		3837BC1426D5E42C00080F0D /* Home */ = {
			isa = PBXGroup;
			children = (
				3837BC1626D5E43B00080F0D /* ViewModels */,
				3837BC1526D5E43500080F0D /* Views */,
			);
			path = Home;
			sourceTree = "<group>";
		};
		3837BC1526D5E43500080F0D /* Views */ = {
			isa = PBXGroup;
			children = (
				3837BC1726D5E45000080F0D /* HomeView.swift */,
				3837085026D701D10052E124 /* HomeStatsView.swift */,
				3837BC2226D5F07900080F0D /* CoinRowView.swift */,
				3837085626D712FB0052E124 /* PortfolioView.swift */,
			);
			path = Views;
			sourceTree = "<group>";
		};
		3837BC1626D5E43B00080F0D /* ViewModels */ = {
			isa = PBXGroup;
			children = (
				3837083726D68C3D0052E124 /* HomeViewModel.swift */,
			);
			path = ViewModels;
			sourceTree = "<group>";
		};
		3837BC1926D5E4E300080F0D /* Components */ = {
			isa = PBXGroup;
			children = (
				3837083F26D6AC4D0052E124 /* CoinImage */,
				3837BC1A26D5E4F500080F0D /* CircleButton */,
				3837084826D6F4390052E124 /* SearchBarView.swift */,
				3837084E26D6FFA90052E124 /* StaticticView.swift */,
				3837085826D7147D0052E124 /* XMarkButton.swift */,
				3837085A26D715D20052E124 /* CoinLogoView.swift */,
			);
			path = Components;
			sourceTree = "<group>";
		};
		3837BC1A26D5E4F500080F0D /* CircleButton */ = {
			isa = PBXGroup;
			children = (
				3837BC1B26D5E50300080F0D /* CircleButtonView.swift */,
				3837BC1D26D5E6F800080F0D /* CircleButtonAnimationView.swift */,
			);
			path = CircleButton;
			sourceTree = "<group>";
		};
		3837BC1F26D5E8E100080F0D /* Models */ = {
			isa = PBXGroup;
			children = (
				3837BC2026D5E8F900080F0D /* CoinModel.swift */,
				38284FB726D878D100EE062F /* CoinDetailModel.swift */,
				3837084C26D6FEC30052E124 /* StatisticModel.swift */,
				3837085226D707050052E124 /* MarketDataModel.swift */,
				3837085C26D7284F0052E124 /* PortfolioContainer.xcdatamodeld */,
			);
			path = Models;
			sourceTree = "<group>";
		};
		38E648E026DA8CDA00C3C0A4 /* Settings */ = {
			isa = PBXGroup;
			children = (
				38E648E126DA8D0200C3C0A4 /* Views */,
			);
			path = Settings;
			sourceTree = "<group>";
		};
		38E648E126DA8D0200C3C0A4 /* Views */ = {
			isa = PBXGroup;
			children = (
				38E648E226DA8D1100C3C0A4 /* SettingsView.swift */,
			);
			path = Views;
			sourceTree = "<group>";
		};
		38E648E426DA959F00C3C0A4 /* Launch */ = {
			isa = PBXGroup;
			children = (
				38E648E526DA95A900C3C0A4 /* Views */,
			);
			path = Launch;
			sourceTree = "<group>";
		};
		38E648E526DA95A900C3C0A4 /* Views */ = {
			isa = PBXGroup;
			children = (
				38E648E626DA95C700C3C0A4 /* LaunchScreen.storyboard */,
				38E648E826DA97FE00C3C0A4 /* LaunchView.swift */,
			);
			path = Views;
			sourceTree = "<group>";
		};
/* End PBXGroup section */

/* Begin PBXNativeTarget section */
		3837BBFD26D5E00700080F0D /* Crypto */ = {
			isa = PBXNativeTarget;
			buildConfigurationList = 3837BC0D26D5E00900080F0D /* Build configuration list for PBXNativeTarget "Crypto" */;
			buildPhases = (
				3837BBFA26D5E00700080F0D /* Sources */,
				3837BBFB26D5E00700080F0D /* Frameworks */,
				3837BBFC26D5E00700080F0D /* Resources */,
			);
			buildRules = (
			);
			dependencies = (
			);
			name = Crypto;
			productName = Crypto;
			productReference = 3837BBFE26D5E00700080F0D /* Crypto.app */;
			productType = "com.apple.product-type.application";
		};
/* End PBXNativeTarget section */

/* Begin PBXProject section */
		3837BBF626D5E00700080F0D /* Project object */ = {
			isa = PBXProject;
			attributes = {
				LastSwiftUpdateCheck = 1250;
				LastUpgradeCheck = 1250;
				TargetAttributes = {
					3837BBFD26D5E00700080F0D = {
						CreatedOnToolsVersion = 12.5.1;
					};
				};
			};
			buildConfigurationList = 3837BBF926D5E00700080F0D /* Build configuration list for PBXProject "Crypto" */;
			compatibilityVersion = "Xcode 9.3";
			developmentRegion = en;
			hasScannedForEncodings = 0;
			knownRegions = (
				en,
				Base,
			);
			mainGroup = 3837BBF526D5E00700080F0D;
			productRefGroup = 3837BBFF26D5E00700080F0D /* Products */;
			projectDirPath = "";
			projectRoot = "";
			targets = (
				3837BBFD26D5E00700080F0D /* Crypto */,
			);
		};
/* End PBXProject section */

/* Begin PBXResourcesBuildPhase section */
		3837BBFC26D5E00700080F0D /* Resources */ = {
			isa = PBXResourcesBuildPhase;
			buildActionMask = 2147483647;
			files = (
				38E648E726DA95C700C3C0A4 /* LaunchScreen.storyboard in Resources */,
				3837BC0926D5E00900080F0D /* Preview Assets.xcassets in Resources */,
				3837BC0626D5E00900080F0D /* Assets.xcassets in Resources */,
			);
			runOnlyForDeploymentPostprocessing = 0;
		};
/* End PBXResourcesBuildPhase section */

/* Begin PBXSourcesBuildPhase section */
		3837BBFA26D5E00700080F0D /* Sources */ = {
			isa = PBXSourcesBuildPhase;
			buildActionMask = 2147483647;
			files = (
				3837085E26D7284F0052E124 /* PortfolioContainer.xcdatamodeld in Sources */,
				3837084D26D6FEC30052E124 /* StatisticModel.swift in Sources */,
				3837083B26D692010052E124 /* CoinDataService.swift in Sources */,
				38C2072526D9DFB800FA001E /* ChartView.swift in Sources */,
				3837084F26D6FFA90052E124 /* StaticticView.swift in Sources */,
				38C2072926D9ECDB00FA001E /* String+.swift in Sources */,
				3837085926D7147D0052E124 /* XMarkButton.swift in Sources */,
				3837BC2326D5F07900080F0D /* CoinRowView.swift in Sources */,
				38C2072726D9E5C600FA001E /* Date+.swift in Sources */,
				3837083826D68C3D0052E124 /* HomeViewModel.swift in Sources */,
				3837085326D707050052E124 /* MarketDataModel.swift in Sources */,
				3837084726D6B7C10052E124 /* LocalFileManager.swift in Sources */,
				3837BC1826D5E45000080F0D /* HomeView.swift in Sources */,
				3837084126D6AC600052E124 /* CoinImageView.swift in Sources */,
				3837BC1226D5E21F00080F0D /* Color+.swift in Sources */,
				38E648E926DA97FE00C3C0A4 /* LaunchView.swift in Sources */,
				3837BC2726D5F2E600080F0D /* Double+.swift in Sources */,
				3837BC1C26D5E50300080F0D /* CircleButtonView.swift in Sources */,
				3837084926D6F4390052E124 /* SearchBarView.swift in Sources */,
				38284FB626D8715600EE062F /* DetailView.swift in Sources */,
				3837086226D73DBF0052E124 /* HapticManager.swift in Sources */,
				3837BC0226D5E00700080F0D /* CryptoApp.swift in Sources */,
				3837083E26D69ECC0052E124 /* NetworkManager.swift in Sources */,
				3837085B26D715D20052E124 /* CoinLogoView.swift in Sources */,
				3837085126D701D10052E124 /* HomeStatsView.swift in Sources */,
				3837085526D708EB0052E124 /* MarketDataService.swift in Sources */,
				3837084526D6AE610052E124 /* CoinImageViewModel.swift in Sources */,
				3837084B26D6F7170052E124 /* UIApplication+.swift in Sources */,
				3837BC2526D5F0CC00080F0D /* PreviewProvider+.swift in Sources */,
				3837085726D712FB0052E124 /* PortfolioView.swift in Sources */,
				3837BC1E26D5E6F800080F0D /* CircleButtonAnimationView.swift in Sources */,
				3837084326D6AD660052E124 /* CoinImageService.swift in Sources */,
				38284FB826D878D100EE062F /* CoinDetailModel.swift in Sources */,
				3837BC2126D5E8F900080F0D /* CoinModel.swift in Sources */,
				38284FBC26D87B7200EE062F /* CoinDetailDataService.swift in Sources */,
				38284FBA26D87B4900EE062F /* DetailViewModel.swift in Sources */,
				3837086026D728C70052E124 /* PortfolioDataService.swift in Sources */,
				38E648E326DA8D1100C3C0A4 /* SettingsView.swift in Sources */,
			);
			runOnlyForDeploymentPostprocessing = 0;
		};
/* End PBXSourcesBuildPhase section */

/* Begin XCBuildConfiguration section */
		3837BC0B26D5E00900080F0D /* Debug */ = {
			isa = XCBuildConfiguration;
			buildSettings = {
				ALWAYS_SEARCH_USER_PATHS = NO;
				CLANG_ANALYZER_NONNULL = YES;
				CLANG_ANALYZER_NUMBER_OBJECT_CONVERSION = YES_AGGRESSIVE;
				CLANG_CXX_LANGUAGE_STANDARD = "gnu++14";
				CLANG_CXX_LIBRARY = "libc++";
				CLANG_ENABLE_MODULES = YES;
				CLANG_ENABLE_OBJC_ARC = YES;
				CLANG_ENABLE_OBJC_WEAK = YES;
				CLANG_WARN_BLOCK_CAPTURE_AUTORELEASING = YES;
				CLANG_WARN_BOOL_CONVERSION = YES;
				CLANG_WARN_COMMA = YES;
				CLANG_WARN_CONSTANT_CONVERSION = YES;
				CLANG_WARN_DEPRECATED_OBJC_IMPLEMENTATIONS = YES;
				CLANG_WARN_DIRECT_OBJC_ISA_USAGE = YES_ERROR;
				CLANG_WARN_DOCUMENTATION_COMMENTS = YES;
				CLANG_WARN_EMPTY_BODY = YES;
				CLANG_WARN_ENUM_CONVERSION = YES;
				CLANG_WARN_INFINITE_RECURSION = YES;
				CLANG_WARN_INT_CONVERSION = YES;
				CLANG_WARN_NON_LITERAL_NULL_CONVERSION = YES;
				CLANG_WARN_OBJC_IMPLICIT_RETAIN_SELF = YES;
				CLANG_WARN_OBJC_LITERAL_CONVERSION = YES;
				CLANG_WARN_OBJC_ROOT_CLASS = YES_ERROR;
				CLANG_WARN_QUOTED_INCLUDE_IN_FRAMEWORK_HEADER = YES;
				CLANG_WARN_RANGE_LOOP_ANALYSIS = YES;
				CLANG_WARN_STRICT_PROTOTYPES = YES;
				CLANG_WARN_SUSPICIOUS_MOVE = YES;
				CLANG_WARN_UNGUARDED_AVAILABILITY = YES_AGGRESSIVE;
				CLANG_WARN_UNREACHABLE_CODE = YES;
				CLANG_WARN__DUPLICATE_METHOD_MATCH = YES;
				COPY_PHASE_STRIP = NO;
				DEBUG_INFORMATION_FORMAT = dwarf;
				ENABLE_STRICT_OBJC_MSGSEND = YES;
				ENABLE_TESTABILITY = YES;
				GCC_C_LANGUAGE_STANDARD = gnu11;
				GCC_DYNAMIC_NO_PIC = NO;
				GCC_NO_COMMON_BLOCKS = YES;
				GCC_OPTIMIZATION_LEVEL = 0;
				GCC_PREPROCESSOR_DEFINITIONS = (
					"DEBUG=1",
					"$(inherited)",
				);
				GCC_WARN_64_TO_32_BIT_CONVERSION = YES;
				GCC_WARN_ABOUT_RETURN_TYPE = YES_ERROR;
				GCC_WARN_UNDECLARED_SELECTOR = YES;
				GCC_WARN_UNINITIALIZED_AUTOS = YES_AGGRESSIVE;
				GCC_WARN_UNUSED_FUNCTION = YES;
				GCC_WARN_UNUSED_VARIABLE = YES;
				IPHONEOS_DEPLOYMENT_TARGET = 14.5;
				MTL_ENABLE_DEBUG_INFO = INCLUDE_SOURCE;
				MTL_FAST_MATH = YES;
				ONLY_ACTIVE_ARCH = YES;
				SDKROOT = iphoneos;
				SWIFT_ACTIVE_COMPILATION_CONDITIONS = DEBUG;
				SWIFT_OPTIMIZATION_LEVEL = "-Onone";
			};
			name = Debug;
		};
		3837BC0C26D5E00900080F0D /* Release */ = {
			isa = XCBuildConfiguration;
			buildSettings = {
				ALWAYS_SEARCH_USER_PATHS = NO;
				CLANG_ANALYZER_NONNULL = YES;
				CLANG_ANALYZER_NUMBER_OBJECT_CONVERSION = YES_AGGRESSIVE;
				CLANG_CXX_LANGUAGE_STANDARD = "gnu++14";
				CLANG_CXX_LIBRARY = "libc++";
				CLANG_ENABLE_MODULES = YES;
				CLANG_ENABLE_OBJC_ARC = YES;
				CLANG_ENABLE_OBJC_WEAK = YES;
				CLANG_WARN_BLOCK_CAPTURE_AUTORELEASING = YES;
				CLANG_WARN_BOOL_CONVERSION = YES;
				CLANG_WARN_COMMA = YES;
				CLANG_WARN_CONSTANT_CONVERSION = YES;
				CLANG_WARN_DEPRECATED_OBJC_IMPLEMENTATIONS = YES;
				CLANG_WARN_DIRECT_OBJC_ISA_USAGE = YES_ERROR;
				CLANG_WARN_DOCUMENTATION_COMMENTS = YES;
				CLANG_WARN_EMPTY_BODY = YES;
				CLANG_WARN_ENUM_CONVERSION = YES;
				CLANG_WARN_INFINITE_RECURSION = YES;
				CLANG_WARN_INT_CONVERSION = YES;
				CLANG_WARN_NON_LITERAL_NULL_CONVERSION = YES;
				CLANG_WARN_OBJC_IMPLICIT_RETAIN_SELF = YES;
				CLANG_WARN_OBJC_LITERAL_CONVERSION = YES;
				CLANG_WARN_OBJC_ROOT_CLASS = YES_ERROR;
				CLANG_WARN_QUOTED_INCLUDE_IN_FRAMEWORK_HEADER = YES;
				CLANG_WARN_RANGE_LOOP_ANALYSIS = YES;
				CLANG_WARN_STRICT_PROTOTYPES = YES;
				CLANG_WARN_SUSPICIOUS_MOVE = YES;
				CLANG_WARN_UNGUARDED_AVAILABILITY = YES_AGGRESSIVE;
				CLANG_WARN_UNREACHABLE_CODE = YES;
				CLANG_WARN__DUPLICATE_METHOD_MATCH = YES;
				COPY_PHASE_STRIP = NO;
				DEBUG_INFORMATION_FORMAT = "dwarf-with-dsym";
				ENABLE_NS_ASSERTIONS = NO;
				ENABLE_STRICT_OBJC_MSGSEND = YES;
				GCC_C_LANGUAGE_STANDARD = gnu11;
				GCC_NO_COMMON_BLOCKS = YES;
				GCC_WARN_64_TO_32_BIT_CONVERSION = YES;
				GCC_WARN_ABOUT_RETURN_TYPE = YES_ERROR;
				GCC_WARN_UNDECLARED_SELECTOR = YES;
				GCC_WARN_UNINITIALIZED_AUTOS = YES_AGGRESSIVE;
				GCC_WARN_UNUSED_FUNCTION = YES;
				GCC_WARN_UNUSED_VARIABLE = YES;
				IPHONEOS_DEPLOYMENT_TARGET = 14.5;
				MTL_ENABLE_DEBUG_INFO = NO;
				MTL_FAST_MATH = YES;
				SDKROOT = iphoneos;
				SWIFT_COMPILATION_MODE = wholemodule;
				SWIFT_OPTIMIZATION_LEVEL = "-O";
				VALIDATE_PRODUCT = YES;
			};
			name = Release;
		};
		3837BC0E26D5E00900080F0D /* Debug */ = {
			isa = XCBuildConfiguration;
			buildSettings = {
				ASSETCATALOG_COMPILER_APPICON_NAME = AppIcon;
				ASSETCATALOG_COMPILER_GLOBAL_ACCENT_COLOR_NAME = AccentColor;
				CODE_SIGN_STYLE = Automatic;
				DEVELOPMENT_ASSET_PATHS = "\"Crypto/Preview Content\"";
				DEVELOPMENT_TEAM = 53U9K2SP49;
				ENABLE_PREVIEWS = YES;
				INFOPLIST_FILE = Crypto/Info.plist;
				IPHONEOS_DEPLOYMENT_TARGET = 14.0;
				LD_RUNPATH_SEARCH_PATHS = (
					"$(inherited)",
					"@executable_path/Frameworks",
				);
				PRODUCT_BUNDLE_IDENTIFIER = edu.cornell.zx252.Crypto;
				PRODUCT_NAME = "$(TARGET_NAME)";
				SWIFT_VERSION = 5.0;
				TARGETED_DEVICE_FAMILY = "1,2";
			};
			name = Debug;
		};
		3837BC0F26D5E00900080F0D /* Release */ = {
			isa = XCBuildConfiguration;
			buildSettings = {
				ASSETCATALOG_COMPILER_APPICON_NAME = AppIcon;
				ASSETCATALOG_COMPILER_GLOBAL_ACCENT_COLOR_NAME = AccentColor;
				CODE_SIGN_STYLE = Automatic;
				DEVELOPMENT_ASSET_PATHS = "\"Crypto/Preview Content\"";
				DEVELOPMENT_TEAM = 53U9K2SP49;
				ENABLE_PREVIEWS = YES;
				INFOPLIST_FILE = Crypto/Info.plist;
				IPHONEOS_DEPLOYMENT_TARGET = 14.0;
				LD_RUNPATH_SEARCH_PATHS = (
					"$(inherited)",
					"@executable_path/Frameworks",
				);
				PRODUCT_BUNDLE_IDENTIFIER = edu.cornell.zx252.Crypto;
				PRODUCT_NAME = "$(TARGET_NAME)";
				SWIFT_VERSION = 5.0;
				TARGETED_DEVICE_FAMILY = "1,2";
			};
			name = Release;
		};
/* End XCBuildConfiguration section */

/* Begin XCConfigurationList section */
		3837BBF926D5E00700080F0D /* Build configuration list for PBXProject "Crypto" */ = {
			isa = XCConfigurationList;
			buildConfigurations = (
				3837BC0B26D5E00900080F0D /* Debug */,
				3837BC0C26D5E00900080F0D /* Release */,
			);
			defaultConfigurationIsVisible = 0;
			defaultConfigurationName = Release;
		};
		3837BC0D26D5E00900080F0D /* Build configuration list for PBXNativeTarget "Crypto" */ = {
			isa = XCConfigurationList;
			buildConfigurations = (
				3837BC0E26D5E00900080F0D /* Debug */,
				3837BC0F26D5E00900080F0D /* Release */,
			);
			defaultConfigurationIsVisible = 0;
			defaultConfigurationName = Release;
		};
/* End XCConfigurationList section */

/* Begin XCVersionGroup section */
		3837085C26D7284F0052E124 /* PortfolioContainer.xcdatamodeld */ = {
			isa = XCVersionGroup;
			children = (
				3837085D26D7284F0052E124 /* PortfolioContainer.xcdatamodel */,
			);
			currentVersion = 3837085D26D7284F0052E124 /* PortfolioContainer.xcdatamodel */;
			path = PortfolioContainer.xcdatamodeld;
			sourceTree = "<group>";
			versionGroupType = wrapper.xcdatamodel;
		};
/* End XCVersionGroup section */
	};
	rootObject = 3837BBF626D5E00700080F0D /* Project object */;
}
